
Microsoft Visual Studio Solution File, Format Version 12.00
# Visual Studio Version 17
VisualStudioVersion = 17.0.31919.166
MinimumVisualStudioVersion = 10.0.40219.1
Project("{FAE04EC0-301F-11D3-BF4B-00C04F79EFBC}") = "AspNetCoreMvc6JavaScriptError", "src\AspNetCoreMvc6JavaScriptError\AspNetCoreMvc6JavaScriptError.csproj", "{9025DE70-C1EC-4056-8E4E-C74C0E68C62A}"
EndProject
Global
	GlobalSection(SolutionConfigurationPlatforms) = preSolution
		Debug|Any CPU = Debug|Any CPU
		Release|Any CPU = Release|Any CPU
	EndGlobalSection
	GlobalSection(ProjectConfigurationPlatforms) = postSolution
		{9025DE70-C1EC-4056-8E4E-C74C0E68C62A}.Debug|Any CPU.ActiveCfg = Debug|Any CPU
		{9025DE70-C1EC-4056-8E4E-C74C0E68C62A}.Debug|Any CPU.Build.0 = Debug|Any CPU
		{9025DE70-C1EC-4056-8E4E-C74C0E68C62A}.Release|Any CPU.ActiveCfg = Release|Any CPU
		{9025DE70-C1EC-4056-8E4E-C74C0E68C62A}.Release|Any CPU.Build.0 = Release|Any CPU
	EndGlobalSection
	GlobalSection(SolutionProperties) = preSolution
		HideSolutionNode = FALSE
	EndGlobalSection
	GlobalSection(ExtensibilityGlobals) = postSolution
		SolutionGuid = {64BFD43D-87BD-4F1D-8113-ACC7E89AE893}
	EndGlobalSection
EndGlobal
